
Microsoft Visual Studio Solution File, Format Version 12.00
# Visual Studio Version 17
VisualStudioVersion = 17.2.32630.192
MinimumVisualStudioVersion = 10.0.40219.1
Project("{FAE04EC0-301F-11D3-BF4B-00C04F79EFBC}") = "OtomasyonOrn2", "OtomasyonOrn2\OtomasyonOrn2.csproj", "{24518762-D296-416C-ABB4-3DF3E6E9AB99}"
EndProject
Global
	GlobalSection(SolutionConfigurationPlatforms) = preSolution
		Debug|Any CPU = Debug|Any CPU
		Release|Any CPU = Release|Any CPU
	EndGlobalSection
	GlobalSection(ProjectConfigurationPlatforms) = postSolution
		{24518762-D296-416C-ABB4-3DF3E6E9AB99}.Debug|Any CPU.ActiveCfg = Debug|Any CPU
		{24518762-D296-416C-ABB4-3DF3E6E9AB99}.Debug|Any CPU.Build.0 = Debug|Any CPU
		{24518762-D296-416C-ABB4-3DF3E6E9AB99}.Release|Any CPU.ActiveCfg = Release|Any CPU
		{24518762-D296-416C-ABB4-3DF3E6E9AB99}.Release|Any CPU.Build.0 = Release|Any CPU
	EndGlobalSection
	GlobalSection(SolutionProperties) = preSolution
		HideSolutionNode = FALSE
	EndGlobalSection
	GlobalSection(ExtensibilityGlobals) = postSolution
		SolutionGuid = {8D5309D0-671F-40A2-A681-E86FE53520BC}
	EndGlobalSection
EndGlobal
